// !$*UTF8*$!
{
	archiveVersion = 1;
	classes = {
	};
	objectVersion = 46;
	objects = {

/* Begin PBXBuildFile section */
		295A739D1F8646720055134E /* LoginTableViewCell.swift in Sources */ = {isa = PBXBuildFile; fileRef = 295A739C1F8646720055134E /* LoginTableViewCell.swift */; };
		295A739F1F864A310055134E /* MainNavigationController.swift in Sources */ = {isa = PBXBuildFile; fileRef = 295A739E1F864A310055134E /* MainNavigationController.swift */; };
		2972626E1F7CE1EC0002D701 /* FormViewController.swift in Sources */ = {isa = PBXBuildFile; fileRef = 2972626D1F7CE1EC0002D701 /* FormViewController.swift */; };
		297262711F7CE2630002D701 /* FormInputCell.swift in Sources */ = {isa = PBXBuildFile; fileRef = 297262701F7CE2630002D701 /* FormInputCell.swift */; };
		297262731F7CE2780002D701 /* TitleBarView.swift in Sources */ = {isa = PBXBuildFile; fileRef = 297262721F7CE2780002D701 /* TitleBarView.swift */; };
		297262751F7CE2B70002D701 /* Theme.swift in Sources */ = {isa = PBXBuildFile; fileRef = 297262741F7CE2B70002D701 /* Theme.swift */; };
		297262781F7CE3770002D701 /* Contraints.swift in Sources */ = {isa = PBXBuildFile; fileRef = 297262771F7CE3770002D701 /* Contraints.swift */; };
		2972627A1F7D26B20002D701 /* UserChipController.swift in Sources */ = {isa = PBXBuildFile; fileRef = 297262791F7D26B20002D701 /* UserChipController.swift */; };
		2972627C1F7D273F0002D701 /* Chip.swift in Sources */ = {isa = PBXBuildFile; fileRef = 2972627B1F7D273F0002D701 /* Chip.swift */; };
		2972627F1F7DDF870002D701 /* LotListController.swift in Sources */ = {isa = PBXBuildFile; fileRef = 2972627E1F7DDF870002D701 /* LotListController.swift */; };
		297262811F7DDFE10002D701 /* Lot.swift in Sources */ = {isa = PBXBuildFile; fileRef = 297262801F7DDFE10002D701 /* Lot.swift */; };
		297262831F7DE5820002D701 /* Building.swift in Sources */ = {isa = PBXBuildFile; fileRef = 297262821F7DE5820002D701 /* Building.swift */; };
		297262851F7DF4CB0002D701 /* BuildingListController.swift in Sources */ = {isa = PBXBuildFile; fileRef = 297262841F7DF4CB0002D701 /* BuildingListController.swift */; };
		297262881F7E073B0002D701 /* AddBeaconController.swift in Sources */ = {isa = PBXBuildFile; fileRef = 297262871F7E073B0002D701 /* AddBeaconController.swift */; };
		2972628A1F7E19110002D701 /* AddBuildingController.swift in Sources */ = {isa = PBXBuildFile; fileRef = 297262891F7E19110002D701 /* AddBuildingController.swift */; };
		2972628C1F7E28890002D701 /* AddLotController.swift in Sources */ = {isa = PBXBuildFile; fileRef = 2972628B1F7E28890002D701 /* AddLotController.swift */; };
		2972628E1F7E5BCE0002D701 /* UserSettings.swift in Sources */ = {isa = PBXBuildFile; fileRef = 2972628D1F7E5BCE0002D701 /* UserSettings.swift */; };
		297262901F7E5D340002D701 /* TrackerViewController.swift in Sources */ = {isa = PBXBuildFile; fileRef = 2972628F1F7E5D340002D701 /* TrackerViewController.swift */; };
		297262921F7F35CB0002D701 /* LoginViewController.swift in Sources */ = {isa = PBXBuildFile; fileRef = 297262911F7F35CB0002D701 /* LoginViewController.swift */; };
		297850E51F6CAF8300AB2239 /* BeaconListController.swift in Sources */ = {isa = PBXBuildFile; fileRef = 297850E41F6CAF8300AB2239 /* BeaconListController.swift */; };
		297850E71F6CAF9700AB2239 /* UserListController.swift in Sources */ = {isa = PBXBuildFile; fileRef = 297850E61F6CAF9700AB2239 /* UserListController.swift */; };
		297850EB1F6E10F900AB2239 /* User.swift in Sources */ = {isa = PBXBuildFile; fileRef = 297850EA1F6E10F900AB2239 /* User.swift */; };
		29CF5A321F63DD5A00087325 /* AppDelegate.swift in Sources */ = {isa = PBXBuildFile; fileRef = 29CF5A311F63DD5A00087325 /* AppDelegate.swift */; };
		29CF5A341F63DD5A00087325 /* ViewController.swift in Sources */ = {isa = PBXBuildFile; fileRef = 29CF5A331F63DD5A00087325 /* ViewController.swift */; };
		29CF5A371F63DD5A00087325 /* Main.storyboard in Resources */ = {isa = PBXBuildFile; fileRef = 29CF5A351F63DD5A00087325 /* Main.storyboard */; };
		29CF5A391F63DD5A00087325 /* Assets.xcassets in Resources */ = {isa = PBXBuildFile; fileRef = 29CF5A381F63DD5A00087325 /* Assets.xcassets */; };
		29CF5A3C1F63DD5A00087325 /* LaunchScreen.storyboard in Resources */ = {isa = PBXBuildFile; fileRef = 29CF5A3A1F63DD5A00087325 /* LaunchScreen.storyboard */; };
		29CF5A481F63F5EB00087325 /* Beacon.swift in Sources */ = {isa = PBXBuildFile; fileRef = 29CF5A471F63F5EB00087325 /* Beacon.swift */; };
		29CF5A4A1F652CB700087325 /* LocationView.swift in Sources */ = {isa = PBXBuildFile; fileRef = 29CF5A491F652CB700087325 /* LocationView.swift */; };
		29CF5A4C1F653A1500087325 /* MapViewController.swift in Sources */ = {isa = PBXBuildFile; fileRef = 29CF5A4B1F653A1500087325 /* MapViewController.swift */; };
		29CF5A4E1F6674C100087325 /* MenuTableViewController.swift in Sources */ = {isa = PBXBuildFile; fileRef = 29CF5A4D1F6674C100087325 /* MenuTableViewController.swift */; };
		29CF5A501F67C43B00087325 /* BeaconDistanceViewController.swift in Sources */ = {isa = PBXBuildFile; fileRef = 29CF5A4F1F67C43B00087325 /* BeaconDistanceViewController.swift */; };
		5EC27E3F8A03317E9DA0487F /* Pods_IndoorTrackingClient.framework in Frameworks */ = {isa = PBXBuildFile; fileRef = 98D13B8D610FE7B5DEEC3AAF /* Pods_IndoorTrackingClient.framework */; };
/* End PBXBuildFile section */

/* Begin PBXFileReference section */
		295A739C1F8646720055134E /* LoginTableViewCell.swift */ = {isa = PBXFileReference; fileEncoding = 4; lastKnownFileType = sourcecode.swift; name = LoginTableViewCell.swift; path = Views/LoginTableViewCell.swift; sourceTree = "<group>"; };
		295A739E1F864A310055134E /* MainNavigationController.swift */ = {isa = PBXFileReference; fileEncoding = 4; lastKnownFileType = sourcecode.swift; path = MainNavigationController.swift; sourceTree = "<group>"; };
		2972626D1F7CE1EC0002D701 /* FormViewController.swift */ = {isa = PBXFileReference; fileEncoding = 4; lastKnownFileType = sourcecode.swift; name = FormViewController.swift; path = Controllers/Forms/FormViewController.swift; sourceTree = "<group>"; };
		297262701F7CE2630002D701 /* FormInputCell.swift */ = {isa = PBXFileReference; fileEncoding = 4; lastKnownFileType = sourcecode.swift; name = FormInputCell.swift; path = Views/Forms/FormInputCell.swift; sourceTree = "<group>"; };
		297262721F7CE2780002D701 /* TitleBarView.swift */ = {isa = PBXFileReference; fileEncoding = 4; lastKnownFileType = sourcecode.swift; name = TitleBarView.swift; path = Views/Forms/TitleBarView.swift; sourceTree = "<group>"; };
		297262741F7CE2B70002D701 /* Theme.swift */ = {isa = PBXFileReference; fileEncoding = 4; lastKnownFileType = sourcecode.swift; name = Theme.swift; path = Views/Forms/Theme.swift; sourceTree = "<group>"; };
		297262771F7CE3770002D701 /* Contraints.swift */ = {isa = PBXFileReference; fileEncoding = 4; lastKnownFileType = sourcecode.swift; name = Contraints.swift; path = Helpers/Contraints.swift; sourceTree = "<group>"; };
		297262791F7D26B20002D701 /* UserChipController.swift */ = {isa = PBXFileReference; fileEncoding = 4; lastKnownFileType = sourcecode.swift; name = UserChipController.swift; path = Controllers/Users/UserChipController.swift; sourceTree = "<group>"; };
		2972627B1F7D273F0002D701 /* Chip.swift */ = {isa = PBXFileReference; fileEncoding = 4; lastKnownFileType = sourcecode.swift; name = Chip.swift; path = Models/Chip.swift; sourceTree = "<group>"; };
		2972627E1F7DDF870002D701 /* LotListController.swift */ = {isa = PBXFileReference; fileEncoding = 4; lastKnownFileType = sourcecode.swift; name = LotListController.swift; path = Controllers/Lots/LotListController.swift; sourceTree = "<group>"; };
		297262801F7DDFE10002D701 /* Lot.swift */ = {isa = PBXFileReference; fileEncoding = 4; lastKnownFileType = sourcecode.swift; path = Lot.swift; sourceTree = "<group>"; };
		297262821F7DE5820002D701 /* Building.swift */ = {isa = PBXFileReference; fileEncoding = 4; lastKnownFileType = sourcecode.swift; name = Building.swift; path = Models/Building.swift; sourceTree = "<group>"; };
		297262841F7DF4CB0002D701 /* BuildingListController.swift */ = {isa = PBXFileReference; fileEncoding = 4; lastKnownFileType = sourcecode.swift; name = BuildingListController.swift; path = Controllers/Lots/BuildingListController.swift; sourceTree = "<group>"; };
		297262871F7E073B0002D701 /* AddBeaconController.swift */ = {isa = PBXFileReference; fileEncoding = 4; lastKnownFileType = sourcecode.swift; name = AddBeaconController.swift; path = Controllers/Beacon/AddBeaconController.swift; sourceTree = "<group>"; };
		297262891F7E19110002D701 /* AddBuildingController.swift */ = {isa = PBXFileReference; fileEncoding = 4; lastKnownFileType = sourcecode.swift; name = AddBuildingController.swift; path = Controllers/Lots/AddBuildingController.swift; sourceTree = "<group>"; };
		2972628B1F7E28890002D701 /* AddLotController.swift */ = {isa = PBXFileReference; fileEncoding = 4; lastKnownFileType = sourcecode.swift; name = AddLotController.swift; path = Controllers/Lots/AddLotController.swift; sourceTree = "<group>"; };
		2972628D1F7E5BCE0002D701 /* UserSettings.swift */ = {isa = PBXFileReference; fileEncoding = 4; lastKnownFileType = sourcecode.swift; path = UserSettings.swift; sourceTree = "<group>"; };
		2972628F1F7E5D340002D701 /* TrackerViewController.swift */ = {isa = PBXFileReference; fileEncoding = 4; lastKnownFileType = sourcecode.swift; path = TrackerViewController.swift; sourceTree = "<group>"; };
		297262911F7F35CB0002D701 /* LoginViewController.swift */ = {isa = PBXFileReference; fileEncoding = 4; lastKnownFileType = sourcecode.swift; path = LoginViewController.swift; sourceTree = "<group>"; };
		297850E41F6CAF8300AB2239 /* BeaconListController.swift */ = {isa = PBXFileReference; fileEncoding = 4; lastKnownFileType = sourcecode.swift; name = BeaconListController.swift; path = Controllers/BeaconListController.swift; sourceTree = "<group>"; };
		297850E61F6CAF9700AB2239 /* UserListController.swift */ = {isa = PBXFileReference; fileEncoding = 4; lastKnownFileType = sourcecode.swift; path = UserListController.swift; sourceTree = "<group>"; };
		297850EA1F6E10F900AB2239 /* User.swift */ = {isa = PBXFileReference; fileEncoding = 4; lastKnownFileType = sourcecode.swift; name = User.swift; path = Models/User.swift; sourceTree = "<group>"; };
		29CF5A2E1F63DD5A00087325 /* IndoorTrackingClient.app */ = {isa = PBXFileReference; explicitFileType = wrapper.application; includeInIndex = 0; path = IndoorTrackingClient.app; sourceTree = BUILT_PRODUCTS_DIR; };
		29CF5A311F63DD5A00087325 /* AppDelegate.swift */ = {isa = PBXFileReference; lastKnownFileType = sourcecode.swift; path = AppDelegate.swift; sourceTree = "<group>"; };
		29CF5A331F63DD5A00087325 /* ViewController.swift */ = {isa = PBXFileReference; lastKnownFileType = sourcecode.swift; path = ViewController.swift; sourceTree = "<group>"; };
		29CF5A361F63DD5A00087325 /* Base */ = {isa = PBXFileReference; lastKnownFileType = file.storyboard; name = Base; path = Base.lproj/Main.storyboard; sourceTree = "<group>"; };
		29CF5A381F63DD5A00087325 /* Assets.xcassets */ = {isa = PBXFileReference; lastKnownFileType = folder.assetcatalog; name = Assets.xcassets; path = IndoorTrackingClient/Assets.xcassets; sourceTree = "<group>"; };
		29CF5A3B1F63DD5A00087325 /* Base */ = {isa = PBXFileReference; lastKnownFileType = file.storyboard; name = Base; path = Base.lproj/LaunchScreen.storyboard; sourceTree = "<group>"; };
		29CF5A3D1F63DD5A00087325 /* Info.plist */ = {isa = PBXFileReference; lastKnownFileType = text.plist.xml; name = Info.plist; path = IndoorTrackingClient/Info.plist; sourceTree = "<group>"; };
		29CF5A471F63F5EB00087325 /* Beacon.swift */ = {isa = PBXFileReference; fileEncoding = 4; lastKnownFileType = sourcecode.swift; name = Beacon.swift; path = Models/Beacon.swift; sourceTree = "<group>"; };
		29CF5A491F652CB700087325 /* LocationView.swift */ = {isa = PBXFileReference; fileEncoding = 4; lastKnownFileType = sourcecode.swift; name = LocationView.swift; path = Views/LocationView.swift; sourceTree = "<group>"; };
		29CF5A4B1F653A1500087325 /* MapViewController.swift */ = {isa = PBXFileReference; fileEncoding = 4; lastKnownFileType = sourcecode.swift; path = MapViewController.swift; sourceTree = "<group>"; };
		29CF5A4D1F6674C100087325 /* MenuTableViewController.swift */ = {isa = PBXFileReference; fileEncoding = 4; lastKnownFileType = sourcecode.swift; name = MenuTableViewController.swift; path = Controllers/MenuTableViewController.swift; sourceTree = "<group>"; };
		29CF5A4F1F67C43B00087325 /* BeaconDistanceViewController.swift */ = {isa = PBXFileReference; fileEncoding = 4; lastKnownFileType = sourcecode.swift; name = BeaconDistanceViewController.swift; path = Controllers/BeaconDistanceViewController.swift; sourceTree = "<group>"; };
		98D13B8D610FE7B5DEEC3AAF /* Pods_IndoorTrackingClient.framework */ = {isa = PBXFileReference; explicitFileType = wrapper.framework; includeInIndex = 0; path = Pods_IndoorTrackingClient.framework; sourceTree = BUILT_PRODUCTS_DIR; };
		9A4A32ABAFAFE563D7E34027 /* Pods-IndoorTrackingClient.release.xcconfig */ = {isa = PBXFileReference; includeInIndex = 1; lastKnownFileType = text.xcconfig; name = "Pods-IndoorTrackingClient.release.xcconfig"; path = "Pods/Target Support Files/Pods-IndoorTrackingClient/Pods-IndoorTrackingClient.release.xcconfig"; sourceTree = "<group>"; };
		AFAFF4C0AE372604B0500E96 /* Pods-IndoorTrackingClient.debug.xcconfig */ = {isa = PBXFileReference; includeInIndex = 1; lastKnownFileType = text.xcconfig; name = "Pods-IndoorTrackingClient.debug.xcconfig"; path = "Pods/Target Support Files/Pods-IndoorTrackingClient/Pods-IndoorTrackingClient.debug.xcconfig"; sourceTree = "<group>"; };
/* End PBXFileReference section */

/* Begin PBXFrameworksBuildPhase section */
		29CF5A2B1F63DD5A00087325 /* Frameworks */ = {
			isa = PBXFrameworksBuildPhase;
			buildActionMask = 2147483647;
			files = (
				5EC27E3F8A03317E9DA0487F /* Pods_IndoorTrackingClient.framework in Frameworks */,
			);
			runOnlyForDeploymentPostprocessing = 0;
		};
/* End PBXFrameworksBuildPhase section */

/* Begin PBXGroup section */
		2972626A1F7CDDC90002D701 /* Users */ = {
			isa = PBXGroup;
			children = (
				297850E61F6CAF9700AB2239 /* UserListController.swift */,
				297262791F7D26B20002D701 /* UserChipController.swift */,
			);
			name = Users;
			sourceTree = "<group>";
		};
		2972626C1F7CE1BB0002D701 /* Forms */ = {
			isa = PBXGroup;
			children = (
				2972626D1F7CE1EC0002D701 /* FormViewController.swift */,
			);
			name = Forms;
			sourceTree = "<group>";
		};
		2972626F1F7CE2480002D701 /* Forms */ = {
			isa = PBXGroup;
			children = (
				297262701F7CE2630002D701 /* FormInputCell.swift */,
				297262721F7CE2780002D701 /* TitleBarView.swift */,
				297262741F7CE2B70002D701 /* Theme.swift */,
			);
			name = Forms;
			sourceTree = "<group>";
		};
		297262761F7CE3600002D701 /* Helpers */ = {
			isa = PBXGroup;
			children = (
				297262771F7CE3770002D701 /* Contraints.swift */,
			);
			name = Helpers;
			sourceTree = "<group>";
		};
		2972627D1F7DDF1E0002D701 /* Buildings */ = {
			isa = PBXGroup;
			children = (
				2972627E1F7DDF870002D701 /* LotListController.swift */,
				2972628B1F7E28890002D701 /* AddLotController.swift */,
				297262841F7DF4CB0002D701 /* BuildingListController.swift */,
				297262891F7E19110002D701 /* AddBuildingController.swift */,
			);
			name = Buildings;
			sourceTree = "<group>";
		};
		297262861F7E071D0002D701 /* Beacons */ = {
			isa = PBXGroup;
			children = (
				297850E41F6CAF8300AB2239 /* BeaconListController.swift */,
				297262871F7E073B0002D701 /* AddBeaconController.swift */,
			);
			name = Beacons;
			sourceTree = "<group>";
		};
		29CF5A251F63DD5A00087325 = {
			isa = PBXGroup;
			children = (
				29CF5A431F63DDA700087325 /* Supporting Files */,
				29CF5A301F63DD5A00087325 /* IndoorTrackingClient */,
				29CF5A2F1F63DD5A00087325 /* Products */,
				DC15E4538142DF022E297F9B /* Pods */,
				58B63FECCAE7E8A10CC9A4E8 /* Frameworks */,
			);
			sourceTree = "<group>";
		};
		29CF5A2F1F63DD5A00087325 /* Products */ = {
			isa = PBXGroup;
			children = (
				29CF5A2E1F63DD5A00087325 /* IndoorTrackingClient.app */,
			);
			name = Products;
			sourceTree = "<group>";
		};
		29CF5A301F63DD5A00087325 /* IndoorTrackingClient */ = {
			isa = PBXGroup;
			children = (
				297262761F7CE3600002D701 /* Helpers */,
				29CF5A451F63F5C000087325 /* Controllers */,
				29CF5A461F63F5C500087325 /* Views */,
				29CF5A441F63F5B400087325 /* Models */,
				29CF5A311F63DD5A00087325 /* AppDelegate.swift */,
				29CF5A331F63DD5A00087325 /* ViewController.swift */,
				2972628D1F7E5BCE0002D701 /* UserSettings.swift */,
			);
			path = IndoorTrackingClient;
			sourceTree = "<group>";
		};
		29CF5A431F63DDA700087325 /* Supporting Files */ = {
			isa = PBXGroup;
			children = (
				29CF5A351F63DD5A00087325 /* Main.storyboard */,
				29CF5A381F63DD5A00087325 /* Assets.xcassets */,
				29CF5A3A1F63DD5A00087325 /* LaunchScreen.storyboard */,
				29CF5A3D1F63DD5A00087325 /* Info.plist */,
			);
			name = "Supporting Files";
			sourceTree = "<group>";
		};
		29CF5A441F63F5B400087325 /* Models */ = {
			isa = PBXGroup;
			children = (
				29CF5A471F63F5EB00087325 /* Beacon.swift */,
				297850EA1F6E10F900AB2239 /* User.swift */,
				2972627B1F7D273F0002D701 /* Chip.swift */,
				297262821F7DE5820002D701 /* Building.swift */,
				297262801F7DDFE10002D701 /* Lot.swift */,
			);
			name = Models;
			sourceTree = "<group>";
		};
		29CF5A451F63F5C000087325 /* Controllers */ = {
			isa = PBXGroup;
			children = (
				2972626C1F7CE1BB0002D701 /* Forms */,
				297262861F7E071D0002D701 /* Beacons */,
				2972627D1F7DDF1E0002D701 /* Buildings */,
				2972626A1F7CDDC90002D701 /* Users */,
				29CF5A4B1F653A1500087325 /* MapViewController.swift */,
				29CF5A4D1F6674C100087325 /* MenuTableViewController.swift */,
				29CF5A4F1F67C43B00087325 /* BeaconDistanceViewController.swift */,
				2972628F1F7E5D340002D701 /* TrackerViewController.swift */,
				297262911F7F35CB0002D701 /* LoginViewController.swift */,
				295A739E1F864A310055134E /* MainNavigationController.swift */,
			);
			name = Controllers;
			sourceTree = "<group>";
		};
		29CF5A461F63F5C500087325 /* Views */ = {
			isa = PBXGroup;
			children = (
				2972626F1F7CE2480002D701 /* Forms */,
				29CF5A491F652CB700087325 /* LocationView.swift */,
				295A739C1F8646720055134E /* LoginTableViewCell.swift */,
			);
			name = Views;
			sourceTree = "<group>";
		};
		58B63FECCAE7E8A10CC9A4E8 /* Frameworks */ = {
			isa = PBXGroup;
			children = (
				98D13B8D610FE7B5DEEC3AAF /* Pods_IndoorTrackingClient.framework */,
			);
			name = Frameworks;
			sourceTree = "<group>";
		};
		DC15E4538142DF022E297F9B /* Pods */ = {
			isa = PBXGroup;
			children = (
				AFAFF4C0AE372604B0500E96 /* Pods-IndoorTrackingClient.debug.xcconfig */,
				9A4A32ABAFAFE563D7E34027 /* Pods-IndoorTrackingClient.release.xcconfig */,
			);
			name = Pods;
			sourceTree = "<group>";
		};
/* End PBXGroup section */

/* Begin PBXNativeTarget section */
		29CF5A2D1F63DD5A00087325 /* IndoorTrackingClient */ = {
			isa = PBXNativeTarget;
			buildConfigurationList = 29CF5A401F63DD5A00087325 /* Build configuration list for PBXNativeTarget "IndoorTrackingClient" */;
			buildPhases = (
				9530F6D04C5339568EA9638D /* [CP] Check Pods Manifest.lock */,
				29CF5A2A1F63DD5A00087325 /* Sources */,
				29CF5A2B1F63DD5A00087325 /* Frameworks */,
				29CF5A2C1F63DD5A00087325 /* Resources */,
				AD80A1BFE997E36F675D2443 /* [CP] Embed Pods Frameworks */,
				3A7190327C066CA32F1D09B5 /* [CP] Copy Pods Resources */,
			);
			buildRules = (
			);
			dependencies = (
			);
			name = IndoorTrackingClient;
			productName = IndoorTrackingClient;
			productReference = 29CF5A2E1F63DD5A00087325 /* IndoorTrackingClient.app */;
			productType = "com.apple.product-type.application";
		};
/* End PBXNativeTarget section */

/* Begin PBXProject section */
		29CF5A261F63DD5A00087325 /* Project object */ = {
			isa = PBXProject;
			attributes = {
				LastSwiftUpdateCheck = 0830;
				LastUpgradeCheck = 0830;
				ORGANIZATIONNAME = IDC;
				TargetAttributes = {
					29CF5A2D1F63DD5A00087325 = {
						CreatedOnToolsVersion = 8.3.3;
						DevelopmentTeam = R6Q5T2H2M4;
						ProvisioningStyle = Automatic;
					};
				};
			};
			buildConfigurationList = 29CF5A291F63DD5A00087325 /* Build configuration list for PBXProject "IndoorTrackingClient" */;
			compatibilityVersion = "Xcode 3.2";
			developmentRegion = English;
			hasScannedForEncodings = 0;
			knownRegions = (
				en,
				Base,
			);
			mainGroup = 29CF5A251F63DD5A00087325;
			productRefGroup = 29CF5A2F1F63DD5A00087325 /* Products */;
			projectDirPath = "";
			projectRoot = "";
			targets = (
				29CF5A2D1F63DD5A00087325 /* IndoorTrackingClient */,
			);
		};
/* End PBXProject section */

/* Begin PBXResourcesBuildPhase section */
		29CF5A2C1F63DD5A00087325 /* Resources */ = {
			isa = PBXResourcesBuildPhase;
			buildActionMask = 2147483647;
			files = (
				29CF5A3C1F63DD5A00087325 /* LaunchScreen.storyboard in Resources */,
				29CF5A391F63DD5A00087325 /* Assets.xcassets in Resources */,
				29CF5A371F63DD5A00087325 /* Main.storyboard in Resources */,
			);
			runOnlyForDeploymentPostprocessing = 0;
		};
/* End PBXResourcesBuildPhase section */

/* Begin PBXShellScriptBuildPhase section */
		3A7190327C066CA32F1D09B5 /* [CP] Copy Pods Resources */ = {
			isa = PBXShellScriptBuildPhase;
			buildActionMask = 2147483647;
			files = (
			);
			inputPaths = (
			);
			name = "[CP] Copy Pods Resources";
			outputPaths = (
			);
			runOnlyForDeploymentPostprocessing = 0;
			shellPath = /bin/sh;
			shellScript = "\"${SRCROOT}/Pods/Target Support Files/Pods-IndoorTrackingClient/Pods-IndoorTrackingClient-resources.sh\"\n";
			showEnvVarsInLog = 0;
		};
		9530F6D04C5339568EA9638D /* [CP] Check Pods Manifest.lock */ = {
			isa = PBXShellScriptBuildPhase;
			buildActionMask = 2147483647;
			files = (
			);
			inputPaths = (
			);
			name = "[CP] Check Pods Manifest.lock";
			outputPaths = (
			);
			runOnlyForDeploymentPostprocessing = 0;
			shellPath = /bin/sh;
			shellScript = "diff \"${PODS_ROOT}/../Podfile.lock\" \"${PODS_ROOT}/Manifest.lock\" > /dev/null\nif [ $? != 0 ] ; then\n    # print error to STDERR\n    echo \"error: The sandbox is not in sync with the Podfile.lock. Run 'pod install' or update your CocoaPods installation.\" >&2\n    exit 1\nfi\n";
			showEnvVarsInLog = 0;
		};
		AD80A1BFE997E36F675D2443 /* [CP] Embed Pods Frameworks */ = {
			isa = PBXShellScriptBuildPhase;
			buildActionMask = 2147483647;
			files = (
			);
			inputPaths = (
			);
			name = "[CP] Embed Pods Frameworks";
			outputPaths = (
			);
			runOnlyForDeploymentPostprocessing = 0;
			shellPath = /bin/sh;
			shellScript = "\"${SRCROOT}/Pods/Target Support Files/Pods-IndoorTrackingClient/Pods-IndoorTrackingClient-frameworks.sh\"\n";
			showEnvVarsInLog = 0;
		};
/* End PBXShellScriptBuildPhase section */

/* Begin PBXSourcesBuildPhase section */
		29CF5A2A1F63DD5A00087325 /* Sources */ = {
			isa = PBXSourcesBuildPhase;
			buildActionMask = 2147483647;
			files = (
				297262921F7F35CB0002D701 /* LoginViewController.swift in Sources */,
				297262851F7DF4CB0002D701 /* BuildingListController.swift in Sources */,
				2972628A1F7E19110002D701 /* AddBuildingController.swift in Sources */,
				29CF5A341F63DD5A00087325 /* ViewController.swift in Sources */,
				2972626E1F7CE1EC0002D701 /* FormViewController.swift in Sources */,
				297262731F7CE2780002D701 /* TitleBarView.swift in Sources */,
				297262711F7CE2630002D701 /* FormInputCell.swift in Sources */,
				29CF5A501F67C43B00087325 /* BeaconDistanceViewController.swift in Sources */,
				295A739F1F864A310055134E /* MainNavigationController.swift in Sources */,
				29CF5A4A1F652CB700087325 /* LocationView.swift in Sources */,
				29CF5A4E1F6674C100087325 /* MenuTableViewController.swift in Sources */,
				297262831F7DE5820002D701 /* Building.swift in Sources */,
				29CF5A321F63DD5A00087325 /* AppDelegate.swift in Sources */,
				297850E51F6CAF8300AB2239 /* BeaconListController.swift in Sources */,
				297262881F7E073B0002D701 /* AddBeaconController.swift in Sources */,
				2972628C1F7E28890002D701 /* AddLotController.swift in Sources */,
				297262781F7CE3770002D701 /* Contraints.swift in Sources */,
				2972627A1F7D26B20002D701 /* UserChipController.swift in Sources */,
				297850E71F6CAF9700AB2239 /* UserListController.swift in Sources */,
				29CF5A4C1F653A1500087325 /* MapViewController.swift in Sources */,
				2972627F1F7DDF870002D701 /* LotListController.swift in Sources */,
				297262811F7DDFE10002D701 /* Lot.swift in Sources */,
				297850EB1F6E10F900AB2239 /* User.swift in Sources */,
				297262901F7E5D340002D701 /* TrackerViewController.swift in Sources */,
				295A739D1F8646720055134E /* LoginTableViewCell.swift in Sources */,
				29CF5A481F63F5EB00087325 /* Beacon.swift in Sources */,
				2972627C1F7D273F0002D701 /* Chip.swift in Sources */,
				2972628E1F7E5BCE0002D701 /* UserSettings.swift in Sources */,
				297262751F7CE2B70002D701 /* Theme.swift in Sources */,
			);
			runOnlyForDeploymentPostprocessing = 0;
		};
/* End PBXSourcesBuildPhase section */

/* Begin PBXVariantGroup section */
		29CF5A351F63DD5A00087325 /* Main.storyboard */ = {
			isa = PBXVariantGroup;
			children = (
				29CF5A361F63DD5A00087325 /* Base */,
			);
			name = Main.storyboard;
			path = IndoorTrackingClient;
			sourceTree = "<group>";
		};
		29CF5A3A1F63DD5A00087325 /* LaunchScreen.storyboard */ = {
			isa = PBXVariantGroup;
			children = (
				29CF5A3B1F63DD5A00087325 /* Base */,
			);
			name = LaunchScreen.storyboard;
			path = IndoorTrackingClient;
			sourceTree = "<group>";
		};
/* End PBXVariantGroup section */

/* Begin XCBuildConfiguration section */
		29CF5A3E1F63DD5A00087325 /* Debug */ = {
			isa = XCBuildConfiguration;
			buildSettings = {
				ALWAYS_SEARCH_USER_PATHS = NO;
				CLANG_ANALYZER_NONNULL = YES;
				CLANG_ANALYZER_NUMBER_OBJECT_CONVERSION = YES_AGGRESSIVE;
				CLANG_CXX_LANGUAGE_STANDARD = "gnu++0x";
				CLANG_CXX_LIBRARY = "libc++";
				CLANG_ENABLE_MODULES = YES;
				CLANG_ENABLE_OBJC_ARC = YES;
				CLANG_WARN_BOOL_CONVERSION = YES;
				CLANG_WARN_CONSTANT_CONVERSION = YES;
				CLANG_WARN_DIRECT_OBJC_ISA_USAGE = YES_ERROR;
				CLANG_WARN_DOCUMENTATION_COMMENTS = YES;
				CLANG_WARN_EMPTY_BODY = YES;
				CLANG_WARN_ENUM_CONVERSION = YES;
				CLANG_WARN_INFINITE_RECURSION = YES;
				CLANG_WARN_INT_CONVERSION = YES;
				CLANG_WARN_OBJC_ROOT_CLASS = YES_ERROR;
				CLANG_WARN_SUSPICIOUS_MOVE = YES;
				CLANG_WARN_UNREACHABLE_CODE = YES;
				CLANG_WARN__DUPLICATE_METHOD_MATCH = YES;
				"CODE_SIGN_IDENTITY[sdk=iphoneos*]" = "iPhone Developer";
				COPY_PHASE_STRIP = NO;
				DEBUG_INFORMATION_FORMAT = dwarf;
				ENABLE_STRICT_OBJC_MSGSEND = YES;
				ENABLE_TESTABILITY = YES;
				GCC_C_LANGUAGE_STANDARD = gnu99;
				GCC_DYNAMIC_NO_PIC = NO;
				GCC_NO_COMMON_BLOCKS = YES;
				GCC_OPTIMIZATION_LEVEL = 0;
				GCC_PREPROCESSOR_DEFINITIONS = (
					"DEBUG=1",
					"$(inherited)",
				);
				GCC_WARN_64_TO_32_BIT_CONVERSION = YES;
				GCC_WARN_ABOUT_RETURN_TYPE = YES_ERROR;
				GCC_WARN_UNDECLARED_SELECTOR = YES;
				GCC_WARN_UNINITIALIZED_AUTOS = YES_AGGRESSIVE;
				GCC_WARN_UNUSED_FUNCTION = YES;
				GCC_WARN_UNUSED_VARIABLE = YES;
				IPHONEOS_DEPLOYMENT_TARGET = 10.3;
				MTL_ENABLE_DEBUG_INFO = YES;
				ONLY_ACTIVE_ARCH = YES;
				SDKROOT = iphoneos;
				SWIFT_ACTIVE_COMPILATION_CONDITIONS = DEBUG;
				SWIFT_OPTIMIZATION_LEVEL = "-Onone";
				TARGETED_DEVICE_FAMILY = "1,2";
			};
			name = Debug;
		};
		29CF5A3F1F63DD5A00087325 /* Release */ = {
			isa = XCBuildConfiguration;
			buildSettings = {
				ALWAYS_SEARCH_USER_PATHS = NO;
				CLANG_ANALYZER_NONNULL = YES;
				CLANG_ANALYZER_NUMBER_OBJECT_CONVERSION = YES_AGGRESSIVE;
				CLANG_CXX_LANGUAGE_STANDARD = "gnu++0x";
				CLANG_CXX_LIBRARY = "libc++";
				CLANG_ENABLE_MODULES = YES;
				CLANG_ENABLE_OBJC_ARC = YES;
				CLANG_WARN_BOOL_CONVERSION = YES;
				CLANG_WARN_CONSTANT_CONVERSION = YES;
				CLANG_WARN_DIRECT_OBJC_ISA_USAGE = YES_ERROR;
				CLANG_WARN_DOCUMENTATION_COMMENTS = YES;
				CLANG_WARN_EMPTY_BODY = YES;
				CLANG_WARN_ENUM_CONVERSION = YES;
				CLANG_WARN_INFINITE_RECURSION = YES;
				CLANG_WARN_INT_CONVERSION = YES;
				CLANG_WARN_OBJC_ROOT_CLASS = YES_ERROR;
				CLANG_WARN_SUSPICIOUS_MOVE = YES;
				CLANG_WARN_UNREACHABLE_CODE = YES;
				CLANG_WARN__DUPLICATE_METHOD_MATCH = YES;
				"CODE_SIGN_IDENTITY[sdk=iphoneos*]" = "iPhone Developer";
				COPY_PHASE_STRIP = NO;
				DEBUG_INFORMATION_FORMAT = "dwarf-with-dsym";
				ENABLE_NS_ASSERTIONS = NO;
				ENABLE_STRICT_OBJC_MSGSEND = YES;
				GCC_C_LANGUAGE_STANDARD = gnu99;
				GCC_NO_COMMON_BLOCKS = YES;
				GCC_WARN_64_TO_32_BIT_CONVERSION = YES;
				GCC_WARN_ABOUT_RETURN_TYPE = YES_ERROR;
				GCC_WARN_UNDECLARED_SELECTOR = YES;
				GCC_WARN_UNINITIALIZED_AUTOS = YES_AGGRESSIVE;
				GCC_WARN_UNUSED_FUNCTION = YES;
				GCC_WARN_UNUSED_VARIABLE = YES;
				IPHONEOS_DEPLOYMENT_TARGET = 10.3;
				MTL_ENABLE_DEBUG_INFO = NO;
				SDKROOT = iphoneos;
				SWIFT_OPTIMIZATION_LEVEL = "-Owholemodule";
				TARGETED_DEVICE_FAMILY = "1,2";
				VALIDATE_PRODUCT = YES;
			};
			name = Release;
		};
		29CF5A411F63DD5A00087325 /* Debug */ = {
			isa = XCBuildConfiguration;
			baseConfigurationReference = AFAFF4C0AE372604B0500E96 /* Pods-IndoorTrackingClient.debug.xcconfig */;
			buildSettings = {
				ASSETCATALOG_COMPILER_APPICON_NAME = AppIcon;
				DEVELOPMENT_TEAM = R6Q5T2H2M4;
				INFOPLIST_FILE = IndoorTrackingClient/Info.plist;
				IPHONEOS_DEPLOYMENT_TARGET = 10.0;
				LD_RUNPATH_SEARCH_PATHS = "$(inherited) @executable_path/Frameworks";
				PRODUCT_BUNDLE_IDENTIFIER = IDC.IndoorTrackingClient;
				PRODUCT_NAME = "$(TARGET_NAME)";
				SWIFT_VERSION = 3.0;
			};
			name = Debug;
		};
		29CF5A421F63DD5A00087325 /* Release */ = {
			isa = XCBuildConfiguration;
			baseConfigurationReference = 9A4A32ABAFAFE563D7E34027 /* Pods-IndoorTrackingClient.release.xcconfig */;
			buildSettings = {
				ASSETCATALOG_COMPILER_APPICON_NAME = AppIcon;
				DEVELOPMENT_TEAM = R6Q5T2H2M4;
				INFOPLIST_FILE = IndoorTrackingClient/Info.plist;
				IPHONEOS_DEPLOYMENT_TARGET = 10.0;
				LD_RUNPATH_SEARCH_PATHS = "$(inherited) @executable_path/Frameworks";
				PRODUCT_BUNDLE_IDENTIFIER = IDC.IndoorTrackingClient;
				PRODUCT_NAME = "$(TARGET_NAME)";
				SWIFT_VERSION = 3.0;
			};
			name = Release;
		};
/* End XCBuildConfiguration section */

/* Begin XCConfigurationList section */
		29CF5A291F63DD5A00087325 /* Build configuration list for PBXProject "IndoorTrackingClient" */ = {
			isa = XCConfigurationList;
			buildConfigurations = (
				29CF5A3E1F63DD5A00087325 /* Debug */,
				29CF5A3F1F63DD5A00087325 /* Release */,
			);
			defaultConfigurationIsVisible = 0;
			defaultConfigurationName = Release;
		};
		29CF5A401F63DD5A00087325 /* Build configuration list for PBXNativeTarget "IndoorTrackingClient" */ = {
			isa = XCConfigurationList;
			buildConfigurations = (
				29CF5A411F63DD5A00087325 /* Debug */,
				29CF5A421F63DD5A00087325 /* Release */,
			);
			defaultConfigurationIsVisible = 0;
			defaultConfigurationName = Release;
		};
/* End XCConfigurationList section */
	};
	rootObject = 29CF5A261F63DD5A00087325 /* Project object */;
}
