// !$*UTF8*$!
{
	archiveVersion = 1;
	classes = {
	};
	objectVersion = 46;
	objects = {

/* Begin PBXBuildFile section */
		04B4FDD71F73688C007FAE93 /* AppDelegate.swift in Sources */ = {isa = PBXBuildFile; fileRef = 04B4FDD61F73688C007FAE93 /* AppDelegate.swift */; };
		04B4FDD91F73688C007FAE93 /* ViewController.swift in Sources */ = {isa = PBXBuildFile; fileRef = 04B4FDD81F73688C007FAE93 /* ViewController.swift */; };
		04B4FDDC1F73688C007FAE93 /* Main.storyboard in Resources */ = {isa = PBXBuildFile; fileRef = 04B4FDDA1F73688C007FAE93 /* Main.storyboard */; };
		04B4FDDE1F73688C007FAE93 /* Assets.xcassets in Resources */ = {isa = PBXBuildFile; fileRef = 04B4FDDD1F73688C007FAE93 /* Assets.xcassets */; };
		04B4FDE11F73688C007FAE93 /* LaunchScreen.storyboard in Resources */ = {isa = PBXBuildFile; fileRef = 04B4FDDF1F73688C007FAE93 /* LaunchScreen.storyboard */; };
		04B4FDEC1F73688C007FAE93 /* IndoorNavigationUXTests.swift in Sources */ = {isa = PBXBuildFile; fileRef = 04B4FDEB1F73688C007FAE93 /* IndoorNavigationUXTests.swift */; };
/* End PBXBuildFile section */

/* Begin PBXContainerItemProxy section */
		04B4FDE81F73688C007FAE93 /* PBXContainerItemProxy */ = {
			isa = PBXContainerItemProxy;
			containerPortal = 04B4FDCB1F73688C007FAE93 /* Project object */;
			proxyType = 1;
			remoteGlobalIDString = 04B4FDD21F73688C007FAE93;
			remoteInfo = IndoorNavigationUX;
		};
/* End PBXContainerItemProxy section */

/* Begin PBXFileReference section */
		04B4FDD31F73688C007FAE93 /* IndoorNavigationUX.app */ = {isa = PBXFileReference; explicitFileType = wrapper.application; includeInIndex = 0; path = IndoorNavigationUX.app; sourceTree = BUILT_PRODUCTS_DIR; };
		04B4FDD61F73688C007FAE93 /* AppDelegate.swift */ = {isa = PBXFileReference; lastKnownFileType = sourcecode.swift; path = AppDelegate.swift; sourceTree = "<group>"; };
		04B4FDD81F73688C007FAE93 /* ViewController.swift */ = {isa = PBXFileReference; lastKnownFileType = sourcecode.swift; path = ViewController.swift; sourceTree = "<group>"; };
		04B4FDDB1F73688C007FAE93 /* Base */ = {isa = PBXFileReference; lastKnownFileType = file.storyboard; name = Base; path = Base.lproj/Main.storyboard; sourceTree = "<group>"; };
		04B4FDDD1F73688C007FAE93 /* Assets.xcassets */ = {isa = PBXFileReference; lastKnownFileType = folder.assetcatalog; path = Assets.xcassets; sourceTree = "<group>"; };
		04B4FDE01F73688C007FAE93 /* Base */ = {isa = PBXFileReference; lastKnownFileType = file.storyboard; name = Base; path = Base.lproj/LaunchScreen.storyboard; sourceTree = "<group>"; };
		04B4FDE21F73688C007FAE93 /* Info.plist */ = {isa = PBXFileReference; lastKnownFileType = text.plist.xml; path = Info.plist; sourceTree = "<group>"; };
		04B4FDE71F73688C007FAE93 /* IndoorNavigationUXTests.xctest */ = {isa = PBXFileReference; explicitFileType = wrapper.cfbundle; includeInIndex = 0; path = IndoorNavigationUXTests.xctest; sourceTree = BUILT_PRODUCTS_DIR; };
		04B4FDEB1F73688C007FAE93 /* IndoorNavigationUXTests.swift */ = {isa = PBXFileReference; lastKnownFileType = sourcecode.swift; path = IndoorNavigationUXTests.swift; sourceTree = "<group>"; };
		04B4FDED1F73688C007FAE93 /* Info.plist */ = {isa = PBXFileReference; lastKnownFileType = text.plist.xml; path = Info.plist; sourceTree = "<group>"; };
/* End PBXFileReference section */

/* Begin PBXFrameworksBuildPhase section */
		04B4FDD01F73688C007FAE93 /* Frameworks */ = {
			isa = PBXFrameworksBuildPhase;
			buildActionMask = 2147483647;
			files = (
			);
			runOnlyForDeploymentPostprocessing = 0;
		};
		04B4FDE41F73688C007FAE93 /* Frameworks */ = {
			isa = PBXFrameworksBuildPhase;
			buildActionMask = 2147483647;
			files = (
			);
			runOnlyForDeploymentPostprocessing = 0;
		};
/* End PBXFrameworksBuildPhase section */

/* Begin PBXGroup section */
		04B4FDCA1F73688C007FAE93 = {
			isa = PBXGroup;
			children = (
				04B4FDD51F73688C007FAE93 /* IndoorNavigationUX */,
				04B4FDEA1F73688C007FAE93 /* IndoorNavigationUXTests */,
				04B4FDD41F73688C007FAE93 /* Products */,
			);
			sourceTree = "<group>";
		};
		04B4FDD41F73688C007FAE93 /* Products */ = {
			isa = PBXGroup;
			children = (
				04B4FDD31F73688C007FAE93 /* IndoorNavigationUX.app */,
				04B4FDE71F73688C007FAE93 /* IndoorNavigationUXTests.xctest */,
			);
			name = Products;
			sourceTree = "<group>";
		};
		04B4FDD51F73688C007FAE93 /* IndoorNavigationUX */ = {
			isa = PBXGroup;
			children = (
				04B4FDD61F73688C007FAE93 /* AppDelegate.swift */,
				04B4FDD81F73688C007FAE93 /* ViewController.swift */,
				04B4FDDA1F73688C007FAE93 /* Main.storyboard */,
				04B4FDDD1F73688C007FAE93 /* Assets.xcassets */,
				04B4FDDF1F73688C007FAE93 /* LaunchScreen.storyboard */,
				04B4FDE21F73688C007FAE93 /* Info.plist */,
			);
			path = IndoorNavigationUX;
			sourceTree = "<group>";
		};
		04B4FDEA1F73688C007FAE93 /* IndoorNavigationUXTests */ = {
			isa = PBXGroup;
			children = (
				04B4FDEB1F73688C007FAE93 /* IndoorNavigationUXTests.swift */,
				04B4FDED1F73688C007FAE93 /* Info.plist */,
			);
			path = IndoorNavigationUXTests;
			sourceTree = "<group>";
		};
/* End PBXGroup section */

/* Begin PBXNativeTarget section */
		04B4FDD21F73688C007FAE93 /* IndoorNavigationUX */ = {
			isa = PBXNativeTarget;
			buildConfigurationList = 04B4FDF01F73688C007FAE93 /* Build configuration list for PBXNativeTarget "IndoorNavigationUX" */;
			buildPhases = (
				04B4FDCF1F73688C007FAE93 /* Sources */,
				04B4FDD01F73688C007FAE93 /* Frameworks */,
				04B4FDD11F73688C007FAE93 /* Resources */,
			);
			buildRules = (
			);
			dependencies = (
			);
			name = IndoorNavigationUX;
			productName = IndoorNavigationUX;
			productReference = 04B4FDD31F73688C007FAE93 /* IndoorNavigationUX.app */;
			productType = "com.apple.product-type.application";
		};
		04B4FDE61F73688C007FAE93 /* IndoorNavigationUXTests */ = {
			isa = PBXNativeTarget;
			buildConfigurationList = 04B4FDF31F73688C007FAE93 /* Build configuration list for PBXNativeTarget "IndoorNavigationUXTests" */;
			buildPhases = (
				04B4FDE31F73688C007FAE93 /* Sources */,
				04B4FDE41F73688C007FAE93 /* Frameworks */,
				04B4FDE51F73688C007FAE93 /* Resources */,
			);
			buildRules = (
			);
			dependencies = (
				04B4FDE91F73688C007FAE93 /* PBXTargetDependency */,
			);
			name = IndoorNavigationUXTests;
			productName = IndoorNavigationUXTests;
			productReference = 04B4FDE71F73688C007FAE93 /* IndoorNavigationUXTests.xctest */;
			productType = "com.apple.product-type.bundle.unit-test";
		};
/* End PBXNativeTarget section */

/* Begin PBXProject section */
		04B4FDCB1F73688C007FAE93 /* Project object */ = {
			isa = PBXProject;
			attributes = {
				LastSwiftUpdateCheck = 0830;
				LastUpgradeCheck = 0830;
				ORGANIZATIONNAME = "Sheng Wu";
				TargetAttributes = {
					04B4FDD21F73688C007FAE93 = {
						CreatedOnToolsVersion = 8.3.3;
						DevelopmentTeam = F5NBU4297C;
						ProvisioningStyle = Automatic;
					};
					04B4FDE61F73688C007FAE93 = {
						CreatedOnToolsVersion = 8.3.3;
						DevelopmentTeam = F5NBU4297C;
						ProvisioningStyle = Automatic;
						TestTargetID = 04B4FDD21F73688C007FAE93;
					};
				};
			};
			buildConfigurationList = 04B4FDCE1F73688C007FAE93 /* Build configuration list for PBXProject "IndoorNavigationUX" */;
			compatibilityVersion = "Xcode 3.2";
			developmentRegion = English;
			hasScannedForEncodings = 0;
			knownRegions = (
				en,
				Base,
			);
			mainGroup = 04B4FDCA1F73688C007FAE93;
			productRefGroup = 04B4FDD41F73688C007FAE93 /* Products */;
			projectDirPath = "";
			projectRoot = "";
			targets = (
				04B4FDD21F73688C007FAE93 /* IndoorNavigationUX */,
				04B4FDE61F73688C007FAE93 /* IndoorNavigationUXTests */,
			);
		};
/* End PBXProject section */

/* Begin PBXResourcesBuildPhase section */
		04B4FDD11F73688C007FAE93 /* Resources */ = {
			isa = PBXResourcesBuildPhase;
			buildActionMask = 2147483647;
			files = (
				04B4FDE11F73688C007FAE93 /* LaunchScreen.storyboard in Resources */,
				04B4FDDE1F73688C007FAE93 /* Assets.xcassets in Resources */,
				04B4FDDC1F73688C007FAE93 /* Main.storyboard in Resources */,
			);
			runOnlyForDeploymentPostprocessing = 0;
		};
		04B4FDE51F73688C007FAE93 /* Resources */ = {
			isa = PBXResourcesBuildPhase;
			buildActionMask = 2147483647;
			files = (
			);
			runOnlyForDeploymentPostprocessing = 0;
		};
/* End PBXResourcesBuildPhase section */

/* Begin PBXSourcesBuildPhase section */
		04B4FDCF1F73688C007FAE93 /* Sources */ = {
			isa = PBXSourcesBuildPhase;
			buildActionMask = 2147483647;
			files = (
				04B4FDD91F73688C007FAE93 /* ViewController.swift in Sources */,
				04B4FDD71F73688C007FAE93 /* AppDelegate.swift in Sources */,
			);
			runOnlyForDeploymentPostprocessing = 0;
		};
		04B4FDE31F73688C007FAE93 /* Sources */ = {
			isa = PBXSourcesBuildPhase;
			buildActionMask = 2147483647;
			files = (
				04B4FDEC1F73688C007FAE93 /* IndoorNavigationUXTests.swift in Sources */,
			);
			runOnlyForDeploymentPostprocessing = 0;
		};
/* End PBXSourcesBuildPhase section */

/* Begin PBXTargetDependency section */
		04B4FDE91F73688C007FAE93 /* PBXTargetDependency */ = {
			isa = PBXTargetDependency;
			target = 04B4FDD21F73688C007FAE93 /* IndoorNavigationUX */;
			targetProxy = 04B4FDE81F73688C007FAE93 /* PBXContainerItemProxy */;
		};
/* End PBXTargetDependency section */

/* Begin PBXVariantGroup section */
		04B4FDDA1F73688C007FAE93 /* Main.storyboard */ = {
			isa = PBXVariantGroup;
			children = (
				04B4FDDB1F73688C007FAE93 /* Base */,
			);
			name = Main.storyboard;
			sourceTree = "<group>";
		};
		04B4FDDF1F73688C007FAE93 /* LaunchScreen.storyboard */ = {
			isa = PBXVariantGroup;
			children = (
				04B4FDE01F73688C007FAE93 /* Base */,
			);
			name = LaunchScreen.storyboard;
			sourceTree = "<group>";
		};
/* End PBXVariantGroup section */

/* Begin XCBuildConfiguration section */
		04B4FDEE1F73688C007FAE93 /* Debug */ = {
			isa = XCBuildConfiguration;
			buildSettings = {
				ALWAYS_SEARCH_USER_PATHS = NO;
				CLANG_ANALYZER_NONNULL = YES;
				CLANG_ANALYZER_NUMBER_OBJECT_CONVERSION = YES_AGGRESSIVE;
				CLANG_CXX_LANGUAGE_STANDARD = "gnu++0x";
				CLANG_CXX_LIBRARY = "libc++";
				CLANG_ENABLE_MODULES = YES;
				CLANG_ENABLE_OBJC_ARC = YES;
				CLANG_WARN_BOOL_CONVERSION = YES;
				CLANG_WARN_CONSTANT_CONVERSION = YES;
				CLANG_WARN_DIRECT_OBJC_ISA_USAGE = YES_ERROR;
				CLANG_WARN_DOCUMENTATION_COMMENTS = YES;
				CLANG_WARN_EMPTY_BODY = YES;
				CLANG_WARN_ENUM_CONVERSION = YES;
				CLANG_WARN_INFINITE_RECURSION = YES;
				CLANG_WARN_INT_CONVERSION = YES;
				CLANG_WARN_OBJC_ROOT_CLASS = YES_ERROR;
				CLANG_WARN_SUSPICIOUS_MOVE = YES;
				CLANG_WARN_UNREACHABLE_CODE = YES;
				CLANG_WARN__DUPLICATE_METHOD_MATCH = YES;
				"CODE_SIGN_IDENTITY[sdk=iphoneos*]" = "iPhone Developer";
				COPY_PHASE_STRIP = NO;
				DEBUG_INFORMATION_FORMAT = dwarf;
				ENABLE_STRICT_OBJC_MSGSEND = YES;
				ENABLE_TESTABILITY = YES;
				GCC_C_LANGUAGE_STANDARD = gnu99;
				GCC_DYNAMIC_NO_PIC = NO;
				GCC_NO_COMMON_BLOCKS = YES;
				GCC_OPTIMIZATION_LEVEL = 0;
				GCC_PREPROCESSOR_DEFINITIONS = (
					"DEBUG=1",
					"$(inherited)",
				);
				GCC_WARN_64_TO_32_BIT_CONVERSION = YES;
				GCC_WARN_ABOUT_RETURN_TYPE = YES_ERROR;
				GCC_WARN_UNDECLARED_SELECTOR = YES;
				GCC_WARN_UNINITIALIZED_AUTOS = YES_AGGRESSIVE;
				GCC_WARN_UNUSED_FUNCTION = YES;
				GCC_WARN_UNUSED_VARIABLE = YES;
				IPHONEOS_DEPLOYMENT_TARGET = 10.3;
				MTL_ENABLE_DEBUG_INFO = YES;
				ONLY_ACTIVE_ARCH = YES;
				SDKROOT = iphoneos;
				SWIFT_ACTIVE_COMPILATION_CONDITIONS = DEBUG;
				SWIFT_OPTIMIZATION_LEVEL = "-Onone";
				TARGETED_DEVICE_FAMILY = "1,2";
			};
			name = Debug;
		};
		04B4FDEF1F73688C007FAE93 /* Release */ = {
			isa = XCBuildConfiguration;
			buildSettings = {
				ALWAYS_SEARCH_USER_PATHS = NO;
				CLANG_ANALYZER_NONNULL = YES;
				CLANG_ANALYZER_NUMBER_OBJECT_CONVERSION = YES_AGGRESSIVE;
				CLANG_CXX_LANGUAGE_STANDARD = "gnu++0x";
				CLANG_CXX_LIBRARY = "libc++";
				CLANG_ENABLE_MODULES = YES;
				CLANG_ENABLE_OBJC_ARC = YES;
				CLANG_WARN_BOOL_CONVERSION = YES;
				CLANG_WARN_CONSTANT_CONVERSION = YES;
				CLANG_WARN_DIRECT_OBJC_ISA_USAGE = YES_ERROR;
				CLANG_WARN_DOCUMENTATION_COMMENTS = YES;
				CLANG_WARN_EMPTY_BODY = YES;
				CLANG_WARN_ENUM_CONVERSION = YES;
				CLANG_WARN_INFINITE_RECURSION = YES;
				CLANG_WARN_INT_CONVERSION = YES;
				CLANG_WARN_OBJC_ROOT_CLASS = YES_ERROR;
				CLANG_WARN_SUSPICIOUS_MOVE = YES;
				CLANG_WARN_UNREACHABLE_CODE = YES;
				CLANG_WARN__DUPLICATE_METHOD_MATCH = YES;
				"CODE_SIGN_IDENTITY[sdk=iphoneos*]" = "iPhone Developer";
				COPY_PHASE_STRIP = NO;
				DEBUG_INFORMATION_FORMAT = "dwarf-with-dsym";
				ENABLE_NS_ASSERTIONS = NO;
				ENABLE_STRICT_OBJC_MSGSEND = YES;
				GCC_C_LANGUAGE_STANDARD = gnu99;
				GCC_NO_COMMON_BLOCKS = YES;
				GCC_WARN_64_TO_32_BIT_CONVERSION = YES;
				GCC_WARN_ABOUT_RETURN_TYPE = YES_ERROR;
				GCC_WARN_UNDECLARED_SELECTOR = YES;
				GCC_WARN_UNINITIALIZED_AUTOS = YES_AGGRESSIVE;
				GCC_WARN_UNUSED_FUNCTION = YES;
				GCC_WARN_UNUSED_VARIABLE = YES;
				IPHONEOS_DEPLOYMENT_TARGET = 10.3;
				MTL_ENABLE_DEBUG_INFO = NO;
				SDKROOT = iphoneos;
				SWIFT_OPTIMIZATION_LEVEL = "-Owholemodule";
				TARGETED_DEVICE_FAMILY = "1,2";
				VALIDATE_PRODUCT = YES;
			};
			name = Release;
		};
		04B4FDF11F73688C007FAE93 /* Debug */ = {
			isa = XCBuildConfiguration;
			buildSettings = {
				ASSETCATALOG_COMPILER_APPICON_NAME = AppIcon;
				DEVELOPMENT_TEAM = F5NBU4297C;
				INFOPLIST_FILE = IndoorNavigationUX/Info.plist;
				LD_RUNPATH_SEARCH_PATHS = "$(inherited) @executable_path/Frameworks";
				PRODUCT_BUNDLE_IDENTIFIER = com.example.IndoorNavigationUX;
				PRODUCT_NAME = "$(TARGET_NAME)";
				SWIFT_VERSION = 3.0;
			};
			name = Debug;
		};
		04B4FDF21F73688C007FAE93 /* Release */ = {
			isa = XCBuildConfiguration;
			buildSettings = {
				ASSETCATALOG_COMPILER_APPICON_NAME = AppIcon;
				DEVELOPMENT_TEAM = F5NBU4297C;
				INFOPLIST_FILE = IndoorNavigationUX/Info.plist;
				LD_RUNPATH_SEARCH_PATHS = "$(inherited) @executable_path/Frameworks";
				PRODUCT_BUNDLE_IDENTIFIER = com.example.IndoorNavigationUX;
				PRODUCT_NAME = "$(TARGET_NAME)";
				SWIFT_VERSION = 3.0;
			};
			name = Release;
		};
		04B4FDF41F73688C007FAE93 /* Debug */ = {
			isa = XCBuildConfiguration;
			buildSettings = {
				ALWAYS_EMBED_SWIFT_STANDARD_LIBRARIES = YES;
				BUNDLE_LOADER = "$(TEST_HOST)";
				DEVELOPMENT_TEAM = F5NBU4297C;
				INFOPLIST_FILE = IndoorNavigationUXTests/Info.plist;
				LD_RUNPATH_SEARCH_PATHS = "$(inherited) @executable_path/Frameworks @loader_path/Frameworks";
				PRODUCT_BUNDLE_IDENTIFIER = com.example.IndoorNavigationUXTests;
				PRODUCT_NAME = "$(TARGET_NAME)";
				SWIFT_VERSION = 3.0;
				TEST_HOST = "$(BUILT_PRODUCTS_DIR)/IndoorNavigationUX.app/IndoorNavigationUX";
			};
			name = Debug;
		};
		04B4FDF51F73688C007FAE93 /* Release */ = {
			isa = XCBuildConfiguration;
			buildSettings = {
				ALWAYS_EMBED_SWIFT_STANDARD_LIBRARIES = YES;
				BUNDLE_LOADER = "$(TEST_HOST)";
				DEVELOPMENT_TEAM = F5NBU4297C;
				INFOPLIST_FILE = IndoorNavigationUXTests/Info.plist;
				LD_RUNPATH_SEARCH_PATHS = "$(inherited) @executable_path/Frameworks @loader_path/Frameworks";
				PRODUCT_BUNDLE_IDENTIFIER = com.example.IndoorNavigationUXTests;
				PRODUCT_NAME = "$(TARGET_NAME)";
				SWIFT_VERSION = 3.0;
				TEST_HOST = "$(BUILT_PRODUCTS_DIR)/IndoorNavigationUX.app/IndoorNavigationUX";
			};
			name = Release;
		};
/* End XCBuildConfiguration section */

/* Begin XCConfigurationList section */
		04B4FDCE1F73688C007FAE93 /* Build configuration list for PBXProject "IndoorNavigationUX" */ = {
			isa = XCConfigurationList;
			buildConfigurations = (
				04B4FDEE1F73688C007FAE93 /* Debug */,
				04B4FDEF1F73688C007FAE93 /* Release */,
			);
			defaultConfigurationIsVisible = 0;
			defaultConfigurationName = Release;
		};
		04B4FDF01F73688C007FAE93 /* Build configuration list for PBXNativeTarget "IndoorNavigationUX" */ = {
			isa = XCConfigurationList;
			buildConfigurations = (
				04B4FDF11F73688C007FAE93 /* Debug */,
				04B4FDF21F73688C007FAE93 /* Release */,
			);
			defaultConfigurationIsVisible = 0;
		};
		04B4FDF31F73688C007FAE93 /* Build configuration list for PBXNativeTarget "IndoorNavigationUXTests" */ = {
			isa = XCConfigurationList;
			buildConfigurations = (
				04B4FDF41F73688C007FAE93 /* Debug */,
				04B4FDF51F73688C007FAE93 /* Release */,
			);
			defaultConfigurationIsVisible = 0;
		};
/* End XCConfigurationList section */
	};
	rootObject = 04B4FDCB1F73688C007FAE93 /* Project object */;
}
